
Microsoft Visual Studio Solution File, Format Version 12.00
# Visual Studio Version 16
VisualStudioVersion = 16.0.29424.173
MinimumVisualStudioVersion = 10.0.40219.1
Project("{FAE04EC0-301F-11D3-BF4B-00C04F79EFBC}") = "Sales.UWP", "Sales\Sales.UWP\Sales.UWP.csproj", "{020254D0-18B6-49F8-8C8D-CAA210DA8A19}"
EndProject
Project("{FAE04EC0-301F-11D3-BF4B-00C04F79EFBC}") = "Sales.Android", "Sales\Sales.Android\Sales.Android.csproj", "{B568FB6A-551B-43AF-A714-EC9782D7AF52}"
EndProject
Project("{FAE04EC0-301F-11D3-BF4B-00C04F79EFBC}") = "Sales.iOS", "Sales\Sales.iOS\Sales.iOS.csproj", "{AA7B5328-D97D-487A-9F8F-D6ECB040D94F}"
EndProject
Project("{FAE04EC0-301F-11D3-BF4B-00C04F79EFBC}") = "Sales", "Sales\Sales\Sales.csproj", "{6166D7AD-8390-41FD-A047-F94C14953CB2}"
EndProject
Project("{FAE04EC0-301F-11D3-BF4B-00C04F79EFBC}") = "Sales.Backend", "Sales.Backend\Sales.Backend.csproj", "{46DDEB59-0B67-425E-BC40-EAF7B6486E61}"
EndProject
Project("{FAE04EC0-301F-11D3-BF4B-00C04F79EFBC}") = "Sales.API", "Sales.API\Sales.API.csproj", "{99CD33FE-DCF1-4DA8-9BAB-3FA2919EEC49}"
EndProject
Project("{FAE04EC0-301F-11D3-BF4B-00C04F79EFBC}") = "Sales.Domain", "Sales.Domain\Sales.Domain.csproj", "{B169DB62-EDD7-4B9B-BDA9-39501E301437}"
EndProject
Project("{FAE04EC0-301F-11D3-BF4B-00C04F79EFBC}") = "Sales.Common", "Sales.Common\Sales.Common.csproj", "{29461A79-1FC2-47CD-BE8F-F3749F478AAD}"
EndProject
Global
	GlobalSection(SolutionConfigurationPlatforms) = preSolution
		Debug|Any CPU = Debug|Any CPU
		Debug|ARM = Debug|ARM
		Debug|iPhone = Debug|iPhone
		Debug|iPhoneSimulator = Debug|iPhoneSimulator
		Debug|x64 = Debug|x64
		Debug|x86 = Debug|x86
		Release|Any CPU = Release|Any CPU
		Release|ARM = Release|ARM
		Release|iPhone = Release|iPhone
		Release|iPhoneSimulator = Release|iPhoneSimulator
		Release|x64 = Release|x64
		Release|x86 = Release|x86
	EndGlobalSection
	GlobalSection(ProjectConfigurationPlatforms) = postSolution
		{020254D0-18B6-49F8-8C8D-CAA210DA8A19}.Debug|Any CPU.ActiveCfg = Debug|x86
		{020254D0-18B6-49F8-8C8D-CAA210DA8A19}.Debug|Any CPU.Build.0 = Debug|x86
		{020254D0-18B6-49F8-8C8D-CAA210DA8A19}.Debug|Any CPU.Deploy.0 = Debug|x86
		{020254D0-18B6-49F8-8C8D-CAA210DA8A19}.Debug|ARM.ActiveCfg = Debug|ARM
		{020254D0-18B6-49F8-8C8D-CAA210DA8A19}.Debug|ARM.Build.0 = Debug|ARM
		{020254D0-18B6-49F8-8C8D-CAA210DA8A19}.Debug|ARM.Deploy.0 = Debug|ARM
		{020254D0-18B6-49F8-8C8D-CAA210DA8A19}.Debug|iPhone.ActiveCfg = Debug|x86
		{020254D0-18B6-49F8-8C8D-CAA210DA8A19}.Debug|iPhone.Build.0 = Debug|x86
		{020254D0-18B6-49F8-8C8D-CAA210DA8A19}.Debug|iPhone.Deploy.0 = Debug|x86
		{020254D0-18B6-49F8-8C8D-CAA210DA8A19}.Debug|iPhoneSimulator.ActiveCfg = Debug|x86
		{020254D0-18B6-49F8-8C8D-CAA210DA8A19}.Debug|iPhoneSimulator.Build.0 = Debug|x86
		{020254D0-18B6-49F8-8C8D-CAA210DA8A19}.Debug|iPhoneSimulator.Deploy.0 = Debug|x86
		{020254D0-18B6-49F8-8C8D-CAA210DA8A19}.Debug|x64.ActiveCfg = Debug|x64
		{020254D0-18B6-49F8-8C8D-CAA210DA8A19}.Debug|x64.Build.0 = Debug|x64
		{020254D0-18B6-49F8-8C8D-CAA210DA8A19}.Debug|x64.Deploy.0 = Debug|x64
		{020254D0-18B6-49F8-8C8D-CAA210DA8A19}.Debug|x86.ActiveCfg = Debug|x86
		{020254D0-18B6-49F8-8C8D-CAA210DA8A19}.Debug|x86.Build.0 = Debug|x86
		{020254D0-18B6-49F8-8C8D-CAA210DA8A19}.Debug|x86.Deploy.0 = Debug|x86
		{020254D0-18B6-49F8-8C8D-CAA210DA8A19}.Release|Any CPU.ActiveCfg = Release|x86
		{020254D0-18B6-49F8-8C8D-CAA210DA8A19}.Release|Any CPU.Build.0 = Release|x86
		{020254D0-18B6-49F8-8C8D-CAA210DA8A19}.Release|Any CPU.Deploy.0 = Release|x86
		{020254D0-18B6-49F8-8C8D-CAA210DA8A19}.Release|ARM.ActiveCfg = Release|ARM
		{020254D0-18B6-49F8-8C8D-CAA210DA8A19}.Release|ARM.Build.0 = Release|ARM
		{020254D0-18B6-49F8-8C8D-CAA210DA8A19}.Release|ARM.Deploy.0 = Release|ARM
		{020254D0-18B6-49F8-8C8D-CAA210DA8A19}.Release|iPhone.ActiveCfg = Release|x86
		{020254D0-18B6-49F8-8C8D-CAA210DA8A19}.Release|iPhone.Build.0 = Release|x86
		{020254D0-18B6-49F8-8C8D-CAA210DA8A19}.Release|iPhone.Deploy.0 = Release|x86
		{020254D0-18B6-49F8-8C8D-CAA210DA8A19}.Release|iPhoneSimulator.ActiveCfg = Release|x86
		{020254D0-18B6-49F8-8C8D-CAA210DA8A19}.Release|iPhoneSimulator.Build.0 = Release|x86
		{020254D0-18B6-49F8-8C8D-CAA210DA8A19}.Release|iPhoneSimulator.Deploy.0 = Release|x86
		{020254D0-18B6-49F8-8C8D-CAA210DA8A19}.Release|x64.ActiveCfg = Release|x64
		{020254D0-18B6-49F8-8C8D-CAA210DA8A19}.Release|x64.Build.0 = Release|x64
		{020254D0-18B6-49F8-8C8D-CAA210DA8A19}.Release|x64.Deploy.0 = Release|x64
		{020254D0-18B6-49F8-8C8D-CAA210DA8A19}.Release|x86.ActiveCfg = Release|x86
		{020254D0-18B6-49F8-8C8D-CAA210DA8A19}.Release|x86.Build.0 = Release|x86
		{020254D0-18B6-49F8-8C8D-CAA210DA8A19}.Release|x86.Deploy.0 = Release|x86
		{B568FB6A-551B-43AF-A714-EC9782D7AF52}.Debug|Any CPU.ActiveCfg = Debug|Any CPU
		{B568FB6A-551B-43AF-A714-EC9782D7AF52}.Debug|Any CPU.Build.0 = Debug|Any CPU
		{B568FB6A-551B-43AF-A714-EC9782D7AF52}.Debug|Any CPU.Deploy.0 = Debug|Any CPU
		{B568FB6A-551B-43AF-A714-EC9782D7AF52}.Debug|ARM.ActiveCfg = Debug|Any CPU
		{B568FB6A-551B-43AF-A714-EC9782D7AF52}.Debug|ARM.Build.0 = Debug|Any CPU
		{B568FB6A-551B-43AF-A714-EC9782D7AF52}.Debug|ARM.Deploy.0 = Debug|Any CPU
		{B568FB6A-551B-43AF-A714-EC9782D7AF52}.Debug|iPhone.ActiveCfg = Debug|Any CPU
		{B568FB6A-551B-43AF-A714-EC9782D7AF52}.Debug|iPhone.Build.0 = Debug|Any CPU
		{B568FB6A-551B-43AF-A714-EC9782D7AF52}.Debug|iPhone.Deploy.0 = Debug|Any CPU
		{B568FB6A-551B-43AF-A714-EC9782D7AF52}.Debug|iPhoneSimulator.ActiveCfg = Debug|Any CPU
		{B568FB6A-551B-43AF-A714-EC9782D7AF52}.Debug|iPhoneSimulator.Build.0 = Debug|Any CPU
		{B568FB6A-551B-43AF-A714-EC9782D7AF52}.Debug|iPhoneSimulator.Deploy.0 = Debug|Any CPU
		{B568FB6A-551B-43AF-A714-EC9782D7AF52}.Debug|x64.ActiveCfg = Debug|Any CPU
		{B568FB6A-551B-43AF-A714-EC9782D7AF52}.Debug|x64.Build.0 = Debug|Any CPU
		{B568FB6A-551B-43AF-A714-EC9782D7AF52}.Debug|x64.Deploy.0 = Debug|Any CPU
		{B568FB6A-551B-43AF-A714-EC9782D7AF52}.Debug|x86.ActiveCfg = Debug|Any CPU
		{B568FB6A-551B-43AF-A714-EC9782D7AF52}.Debug|x86.Build.0 = Debug|Any CPU
		{B568FB6A-551B-43AF-A714-EC9782D7AF52}.Debug|x86.Deploy.0 = Debug|Any CPU
		{B568FB6A-551B-43AF-A714-EC9782D7AF52}.Release|Any CPU.ActiveCfg = Release|Any CPU
		{B568FB6A-551B-43AF-A714-EC9782D7AF52}.Release|Any CPU.Build.0 = Release|Any CPU
		{B568FB6A-551B-43AF-A714-EC9782D7AF52}.Release|Any CPU.Deploy.0 = Release|Any CPU
		{B568FB6A-551B-43AF-A714-EC9782D7AF52}.Release|ARM.ActiveCfg = Release|Any CPU
		{B568FB6A-551B-43AF-A714-EC9782D7AF52}.Release|ARM.Build.0 = Release|Any CPU
		{B568FB6A-551B-43AF-A714-EC9782D7AF52}.Release|ARM.Deploy.0 = Release|Any CPU
		{B568FB6A-551B-43AF-A714-EC9782D7AF52}.Release|iPhone.ActiveCfg = Release|Any CPU
		{B568FB6A-551B-43AF-A714-EC9782D7AF52}.Release|iPhone.Build.0 = Release|Any CPU
		{B568FB6A-551B-43AF-A714-EC9782D7AF52}.Release|iPhone.Deploy.0 = Release|Any CPU
		{B568FB6A-551B-43AF-A714-EC9782D7AF52}.Release|iPhoneSimulator.ActiveCfg = Release|Any CPU
		{B568FB6A-551B-43AF-A714-EC9782D7AF52}.Release|iPhoneSimulator.Build.0 = Release|Any CPU
		{B568FB6A-551B-43AF-A714-EC9782D7AF52}.Release|iPhoneSimulator.Deploy.0 = Release|Any CPU
		{B568FB6A-551B-43AF-A714-EC9782D7AF52}.Release|x64.ActiveCfg = Release|Any CPU
		{B568FB6A-551B-43AF-A714-EC9782D7AF52}.Release|x64.Build.0 = Release|Any CPU
		{B568FB6A-551B-43AF-A714-EC9782D7AF52}.Release|x64.Deploy.0 = Release|Any CPU
		{B568FB6A-551B-43AF-A714-EC9782D7AF52}.Release|x86.ActiveCfg = Release|Any CPU
		{B568FB6A-551B-43AF-A714-EC9782D7AF52}.Release|x86.Build.0 = Release|Any CPU
		{B568FB6A-551B-43AF-A714-EC9782D7AF52}.Release|x86.Deploy.0 = Release|Any CPU
		{AA7B5328-D97D-487A-9F8F-D6ECB040D94F}.Debug|Any CPU.ActiveCfg = Debug|iPhone
		{AA7B5328-D97D-487A-9F8F-D6ECB040D94F}.Debug|Any CPU.Build.0 = Debug|iPhone
		{AA7B5328-D97D-487A-9F8F-D6ECB040D94F}.Debug|Any CPU.Deploy.0 = Debug|iPhone
		{AA7B5328-D97D-487A-9F8F-D6ECB040D94F}.Debug|ARM.ActiveCfg = Debug|iPhoneSimulator
		{AA7B5328-D97D-487A-9F8F-D6ECB040D94F}.Debug|ARM.Build.0 = Debug|iPhoneSimulator
		{AA7B5328-D97D-487A-9F8F-D6ECB040D94F}.Debug|ARM.Deploy.0 = Debug|iPhoneSimulator
		{AA7B5328-D97D-487A-9F8F-D6ECB040D94F}.Debug|iPhone.ActiveCfg = Debug|iPhone
		{AA7B5328-D97D-487A-9F8F-D6ECB040D94F}.Debug|iPhone.Build.0 = Debug|iPhone
		{AA7B5328-D97D-487A-9F8F-D6ECB040D94F}.Debug|iPhone.Deploy.0 = Debug|iPhone
		{AA7B5328-D97D-487A-9F8F-D6ECB040D94F}.Debug|iPhoneSimulator.ActiveCfg = Debug|iPhoneSimulator
		{AA7B5328-D97D-487A-9F8F-D6ECB040D94F}.Debug|iPhoneSimulator.Build.0 = Debug|iPhoneSimulator
		{AA7B5328-D97D-487A-9F8F-D6ECB040D94F}.Debug|iPhoneSimulator.Deploy.0 = Debug|iPhoneSimulator
		{AA7B5328-D97D-487A-9F8F-D6ECB040D94F}.Debug|x64.ActiveCfg = Debug|iPhone
		{AA7B5328-D97D-487A-9F8F-D6ECB040D94F}.Debug|x64.Build.0 = Debug|iPhone
		{AA7B5328-D97D-487A-9F8F-D6ECB040D94F}.Debug|x64.Deploy.0 = Debug|iPhone
		{AA7B5328-D97D-487A-9F8F-D6ECB040D94F}.Debug|x86.ActiveCfg = Debug|iPhone
		{AA7B5328-D97D-487A-9F8F-D6ECB040D94F}.Debug|x86.Build.0 = Debug|iPhone
		{AA7B5328-D97D-487A-9F8F-D6ECB040D94F}.Debug|x86.Deploy.0 = Debug|iPhone
		{AA7B5328-D97D-487A-9F8F-D6ECB040D94F}.Release|Any CPU.ActiveCfg = Release|iPhone
		{AA7B5328-D97D-487A-9F8F-D6ECB040D94F}.Release|Any CPU.Build.0 = Release|iPhone
		{AA7B5328-D97D-487A-9F8F-D6ECB040D94F}.Release|Any CPU.Deploy.0 = Release|iPhone
		{AA7B5328-D97D-487A-9F8F-D6ECB040D94F}.Release|ARM.ActiveCfg = Release|iPhone
		{AA7B5328-D97D-487A-9F8F-D6ECB040D94F}.Release|ARM.Build.0 = Release|iPhone
		{AA7B5328-D97D-487A-9F8F-D6ECB040D94F}.Release|ARM.Deploy.0 = Release|iPhone
		{AA7B5328-D97D-487A-9F8F-D6ECB040D94F}.Release|iPhone.ActiveCfg = Release|iPhone
		{AA7B5328-D97D-487A-9F8F-D6ECB040D94F}.Release|iPhone.Build.0 = Release|iPhone
		{AA7B5328-D97D-487A-9F8F-D6ECB040D94F}.Release|iPhone.Deploy.0 = Release|iPhone
		{AA7B5328-D97D-487A-9F8F-D6ECB040D94F}.Release|iPhoneSimulator.ActiveCfg = Release|iPhoneSimulator
		{AA7B5328-D97D-487A-9F8F-D6ECB040D94F}.Release|iPhoneSimulator.Build.0 = Release|iPhoneSimulator
		{AA7B5328-D97D-487A-9F8F-D6ECB040D94F}.Release|iPhoneSimulator.Deploy.0 = Release|iPhoneSimulator
		{AA7B5328-D97D-487A-9F8F-D6ECB040D94F}.Release|x64.ActiveCfg = Release|iPhone
		{AA7B5328-D97D-487A-9F8F-D6ECB040D94F}.Release|x64.Build.0 = Release|iPhone
		{AA7B5328-D97D-487A-9F8F-D6ECB040D94F}.Release|x64.Deploy.0 = Release|iPhone
		{AA7B5328-D97D-487A-9F8F-D6ECB040D94F}.Release|x86.ActiveCfg = Release|iPhone
		{AA7B5328-D97D-487A-9F8F-D6ECB040D94F}.Release|x86.Build.0 = Release|iPhone
		{AA7B5328-D97D-487A-9F8F-D6ECB040D94F}.Release|x86.Deploy.0 = Release|iPhone
		{6166D7AD-8390-41FD-A047-F94C14953CB2}.Debug|Any CPU.ActiveCfg = Debug|Any CPU
		{6166D7AD-8390-41FD-A047-F94C14953CB2}.Debug|Any CPU.Build.0 = Debug|Any CPU
		{6166D7AD-8390-41FD-A047-F94C14953CB2}.Debug|Any CPU.Deploy.0 = Debug|Any CPU
		{6166D7AD-8390-41FD-A047-F94C14953CB2}.Debug|ARM.ActiveCfg = Debug|Any CPU
		{6166D7AD-8390-41FD-A047-F94C14953CB2}.Debug|ARM.Build.0 = Debug|Any CPU
		{6166D7AD-8390-41FD-A047-F94C14953CB2}.Debug|ARM.Deploy.0 = Debug|Any CPU
		{6166D7AD-8390-41FD-A047-F94C14953CB2}.Debug|iPhone.ActiveCfg = Debug|Any CPU
		{6166D7AD-8390-41FD-A047-F94C14953CB2}.Debug|iPhone.Build.0 = Debug|Any CPU
		{6166D7AD-8390-41FD-A047-F94C14953CB2}.Debug|iPhone.Deploy.0 = Debug|Any CPU
		{6166D7AD-8390-41FD-A047-F94C14953CB2}.Debug|iPhoneSimulator.ActiveCfg = Debug|Any CPU
		{6166D7AD-8390-41FD-A047-F94C14953CB2}.Debug|iPhoneSimulator.Build.0 = Debug|Any CPU
		{6166D7AD-8390-41FD-A047-F94C14953CB2}.Debug|iPhoneSimulator.Deploy.0 = Debug|Any CPU
		{6166D7AD-8390-41FD-A047-F94C14953CB2}.Debug|x64.ActiveCfg = Debug|Any CPU
		{6166D7AD-8390-41FD-A047-F94C14953CB2}.Debug|x64.Build.0 = Debug|Any CPU
		{6166D7AD-8390-41FD-A047-F94C14953CB2}.Debug|x64.Deploy.0 = Debug|Any CPU
		{6166D7AD-8390-41FD-A047-F94C14953CB2}.Debug|x86.ActiveCfg = Debug|Any CPU
		{6166D7AD-8390-41FD-A047-F94C14953CB2}.Debug|x86.Build.0 = Debug|Any CPU
		{6166D7AD-8390-41FD-A047-F94C14953CB2}.Debug|x86.Deploy.0 = Debug|Any CPU
		{6166D7AD-8390-41FD-A047-F94C14953CB2}.Release|Any CPU.ActiveCfg = Release|Any CPU
		{6166D7AD-8390-41FD-A047-F94C14953CB2}.Release|Any CPU.Build.0 = Release|Any CPU
		{6166D7AD-8390-41FD-A047-F94C14953CB2}.Release|Any CPU.Deploy.0 = Release|Any CPU
		{6166D7AD-8390-41FD-A047-F94C14953CB2}.Release|ARM.ActiveCfg = Release|Any CPU
		{6166D7AD-8390-41FD-A047-F94C14953CB2}.Release|ARM.Build.0 = Release|Any CPU
		{6166D7AD-8390-41FD-A047-F94C14953CB2}.Release|ARM.Deploy.0 = Release|Any CPU
		{6166D7AD-8390-41FD-A047-F94C14953CB2}.Release|iPhone.ActiveCfg = Release|Any CPU
		{6166D7AD-8390-41FD-A047-F94C14953CB2}.Release|iPhone.Build.0 = Release|Any CPU
		{6166D7AD-8390-41FD-A047-F94C14953CB2}.Release|iPhone.Deploy.0 = Release|Any CPU
		{6166D7AD-8390-41FD-A047-F94C14953CB2}.Release|iPhoneSimulator.ActiveCfg = Release|Any CPU
		{6166D7AD-8390-41FD-A047-F94C14953CB2}.Release|iPhoneSimulator.Build.0 = Release|Any CPU
		{6166D7AD-8390-41FD-A047-F94C14953CB2}.Release|iPhoneSimulator.Deploy.0 = Release|Any CPU
		{6166D7AD-8390-41FD-A047-F94C14953CB2}.Release|x64.ActiveCfg = Release|Any CPU
		{6166D7AD-8390-41FD-A047-F94C14953CB2}.Release|x64.Build.0 = Release|Any CPU
		{6166D7AD-8390-41FD-A047-F94C14953CB2}.Release|x64.Deploy.0 = Release|Any CPU
		{6166D7AD-8390-41FD-A047-F94C14953CB2}.Release|x86.ActiveCfg = Release|Any CPU
		{6166D7AD-8390-41FD-A047-F94C14953CB2}.Release|x86.Build.0 = Release|Any CPU
		{6166D7AD-8390-41FD-A047-F94C14953CB2}.Release|x86.Deploy.0 = Release|Any CPU
		{46DDEB59-0B67-425E-BC40-EAF7B6486E61}.Debug|Any CPU.ActiveCfg = Debug|Any CPU
		{46DDEB59-0B67-425E-BC40-EAF7B6486E61}.Debug|Any CPU.Build.0 = Debug|Any CPU
		{46DDEB59-0B67-425E-BC40-EAF7B6486E61}.Debug|ARM.ActiveCfg = Debug|Any CPU
		{46DDEB59-0B67-425E-BC40-EAF7B6486E61}.Debug|ARM.Build.0 = Debug|Any CPU
		{46DDEB59-0B67-425E-BC40-EAF7B6486E61}.Debug|iPhone.ActiveCfg = Debug|Any CPU
		{46DDEB59-0B67-425E-BC40-EAF7B6486E61}.Debug|iPhone.Build.0 = Debug|Any CPU
		{46DDEB59-0B67-425E-BC40-EAF7B6486E61}.Debug|iPhoneSimulator.ActiveCfg = Debug|Any CPU
		{46DDEB59-0B67-425E-BC40-EAF7B6486E61}.Debug|iPhoneSimulator.Build.0 = Debug|Any CPU
		{46DDEB59-0B67-425E-BC40-EAF7B6486E61}.Debug|x64.ActiveCfg = Debug|Any CPU
		{46DDEB59-0B67-425E-BC40-EAF7B6486E61}.Debug|x64.Build.0 = Debug|Any CPU
		{46DDEB59-0B67-425E-BC40-EAF7B6486E61}.Debug|x86.ActiveCfg = Debug|Any CPU
		{46DDEB59-0B67-425E-BC40-EAF7B6486E61}.Debug|x86.Build.0 = Debug|Any CPU
		{46DDEB59-0B67-425E-BC40-EAF7B6486E61}.Release|Any CPU.ActiveCfg = Release|Any CPU
		{46DDEB59-0B67-425E-BC40-EAF7B6486E61}.Release|Any CPU.Build.0 = Release|Any CPU
		{46DDEB59-0B67-425E-BC40-EAF7B6486E61}.Release|ARM.ActiveCfg = Release|Any CPU
		{46DDEB59-0B67-425E-BC40-EAF7B6486E61}.Release|ARM.Build.0 = Release|Any CPU
		{46DDEB59-0B67-425E-BC40-EAF7B6486E61}.Release|iPhone.ActiveCfg = Release|Any CPU
		{46DDEB59-0B67-425E-BC40-EAF7B6486E61}.Release|iPhone.Build.0 = Release|Any CPU
		{46DDEB59-0B67-425E-BC40-EAF7B6486E61}.Release|iPhoneSimulator.ActiveCfg = Release|Any CPU
		{46DDEB59-0B67-425E-BC40-EAF7B6486E61}.Release|iPhoneSimulator.Build.0 = Release|Any CPU
		{46DDEB59-0B67-425E-BC40-EAF7B6486E61}.Release|x64.ActiveCfg = Release|Any CPU
		{46DDEB59-0B67-425E-BC40-EAF7B6486E61}.Release|x64.Build.0 = Release|Any CPU
		{46DDEB59-0B67-425E-BC40-EAF7B6486E61}.Release|x86.ActiveCfg = Release|Any CPU
		{46DDEB59-0B67-425E-BC40-EAF7B6486E61}.Release|x86.Build.0 = Release|Any CPU
		{99CD33FE-DCF1-4DA8-9BAB-3FA2919EEC49}.Debug|Any CPU.ActiveCfg = Debug|Any CPU
		{99CD33FE-DCF1-4DA8-9BAB-3FA2919EEC49}.Debug|Any CPU.Build.0 = Debug|Any CPU
		{99CD33FE-DCF1-4DA8-9BAB-3FA2919EEC49}.Debug|ARM.ActiveCfg = Debug|Any CPU
		{99CD33FE-DCF1-4DA8-9BAB-3FA2919EEC49}.Debug|ARM.Build.0 = Debug|Any CPU
		{99CD33FE-DCF1-4DA8-9BAB-3FA2919EEC49}.Debug|iPhone.ActiveCfg = Debug|Any CPU
		{99CD33FE-DCF1-4DA8-9BAB-3FA2919EEC49}.Debug|iPhone.Build.0 = Debug|Any CPU
		{99CD33FE-DCF1-4DA8-9BAB-3FA2919EEC49}.Debug|iPhoneSimulator.ActiveCfg = Debug|Any CPU
		{99CD33FE-DCF1-4DA8-9BAB-3FA2919EEC49}.Debug|iPhoneSimulator.Build.0 = Debug|Any CPU
		{99CD33FE-DCF1-4DA8-9BAB-3FA2919EEC49}.Debug|x64.ActiveCfg = Debug|Any CPU
		{99CD33FE-DCF1-4DA8-9BAB-3FA2919EEC49}.Debug|x64.Build.0 = Debug|Any CPU
		{99CD33FE-DCF1-4DA8-9BAB-3FA2919EEC49}.Debug|x86.ActiveCfg = Debug|Any CPU
		{99CD33FE-DCF1-4DA8-9BAB-3FA2919EEC49}.Debug|x86.Build.0 = Debug|Any CPU
		{99CD33FE-DCF1-4DA8-9BAB-3FA2919EEC49}.Release|Any CPU.ActiveCfg = Release|Any CPU
		{99CD33FE-DCF1-4DA8-9BAB-3FA2919EEC49}.Release|Any CPU.Build.0 = Release|Any CPU
		{99CD33FE-DCF1-4DA8-9BAB-3FA2919EEC49}.Release|ARM.ActiveCfg = Release|Any CPU
		{99CD33FE-DCF1-4DA8-9BAB-3FA2919EEC49}.Release|ARM.Build.0 = Release|Any CPU
		{99CD33FE-DCF1-4DA8-9BAB-3FA2919EEC49}.Release|iPhone.ActiveCfg = Release|Any CPU
		{99CD33FE-DCF1-4DA8-9BAB-3FA2919EEC49}.Release|iPhone.Build.0 = Release|Any CPU
		{99CD33FE-DCF1-4DA8-9BAB-3FA2919EEC49}.Release|iPhoneSimulator.ActiveCfg = Release|Any CPU
		{99CD33FE-DCF1-4DA8-9BAB-3FA2919EEC49}.Release|iPhoneSimulator.Build.0 = Release|Any CPU
		{99CD33FE-DCF1-4DA8-9BAB-3FA2919EEC49}.Release|x64.ActiveCfg = Release|Any CPU
		{99CD33FE-DCF1-4DA8-9BAB-3FA2919EEC49}.Release|x64.Build.0 = Release|Any CPU
		{99CD33FE-DCF1-4DA8-9BAB-3FA2919EEC49}.Release|x86.ActiveCfg = Release|Any CPU
		{99CD33FE-DCF1-4DA8-9BAB-3FA2919EEC49}.Release|x86.Build.0 = Release|Any CPU
		{B169DB62-EDD7-4B9B-BDA9-39501E301437}.Debug|Any CPU.ActiveCfg = Debug|Any CPU
		{B169DB62-EDD7-4B9B-BDA9-39501E301437}.Debug|Any CPU.Build.0 = Debug|Any CPU
		{B169DB62-EDD7-4B9B-BDA9-39501E301437}.Debug|ARM.ActiveCfg = Debug|Any CPU
		{B169DB62-EDD7-4B9B-BDA9-39501E301437}.Debug|ARM.Build.0 = Debug|Any CPU
		{B169DB62-EDD7-4B9B-BDA9-39501E301437}.Debug|iPhone.ActiveCfg = Debug|Any CPU
		{B169DB62-EDD7-4B9B-BDA9-39501E301437}.Debug|iPhone.Build.0 = Debug|Any CPU
		{B169DB62-EDD7-4B9B-BDA9-39501E301437}.Debug|iPhoneSimulator.ActiveCfg = Debug|Any CPU
		{B169DB62-EDD7-4B9B-BDA9-39501E301437}.Debug|iPhoneSimulator.Build.0 = Debug|Any CPU
		{B169DB62-EDD7-4B9B-BDA9-39501E301437}.Debug|x64.ActiveCfg = Debug|Any CPU
		{B169DB62-EDD7-4B9B-BDA9-39501E301437}.Debug|x64.Build.0 = Debug|Any CPU
		{B169DB62-EDD7-4B9B-BDA9-39501E301437}.Debug|x86.ActiveCfg = Debug|Any CPU
		{B169DB62-EDD7-4B9B-BDA9-39501E301437}.Debug|x86.Build.0 = Debug|Any CPU
		{B169DB62-EDD7-4B9B-BDA9-39501E301437}.Release|Any CPU.ActiveCfg = Release|Any CPU
		{B169DB62-EDD7-4B9B-BDA9-39501E301437}.Release|Any CPU.Build.0 = Release|Any CPU
		{B169DB62-EDD7-4B9B-BDA9-39501E301437}.Release|ARM.ActiveCfg = Release|Any CPU
		{B169DB62-EDD7-4B9B-BDA9-39501E301437}.Release|ARM.Build.0 = Release|Any CPU
		{B169DB62-EDD7-4B9B-BDA9-39501E301437}.Release|iPhone.ActiveCfg = Release|Any CPU
		{B169DB62-EDD7-4B9B-BDA9-39501E301437}.Release|iPhone.Build.0 = Release|Any CPU
		{B169DB62-EDD7-4B9B-BDA9-39501E301437}.Release|iPhoneSimulator.ActiveCfg = Release|Any CPU
		{B169DB62-EDD7-4B9B-BDA9-39501E301437}.Release|iPhoneSimulator.Build.0 = Release|Any CPU
		{B169DB62-EDD7-4B9B-BDA9-39501E301437}.Release|x64.ActiveCfg = Release|Any CPU
		{B169DB62-EDD7-4B9B-BDA9-39501E301437}.Release|x64.Build.0 = Release|Any CPU
		{B169DB62-EDD7-4B9B-BDA9-39501E301437}.Release|x86.ActiveCfg = Release|Any CPU
		{B169DB62-EDD7-4B9B-BDA9-39501E301437}.Release|x86.Build.0 = Release|Any CPU
		{29461A79-1FC2-47CD-BE8F-F3749F478AAD}.Debug|Any CPU.ActiveCfg = Debug|Any CPU
		{29461A79-1FC2-47CD-BE8F-F3749F478AAD}.Debug|Any CPU.Build.0 = Debug|Any CPU
		{29461A79-1FC2-47CD-BE8F-F3749F478AAD}.Debug|ARM.ActiveCfg = Debug|Any CPU
		{29461A79-1FC2-47CD-BE8F-F3749F478AAD}.Debug|ARM.Build.0 = Debug|Any CPU
		{29461A79-1FC2-47CD-BE8F-F3749F478AAD}.Debug|iPhone.ActiveCfg = Debug|Any CPU
		{29461A79-1FC2-47CD-BE8F-F3749F478AAD}.Debug|iPhone.Build.0 = Debug|Any CPU
		{29461A79-1FC2-47CD-BE8F-F3749F478AAD}.Debug|iPhoneSimulator.ActiveCfg = Debug|Any CPU
		{29461A79-1FC2-47CD-BE8F-F3749F478AAD}.Debug|iPhoneSimulator.Build.0 = Debug|Any CPU
		{29461A79-1FC2-47CD-BE8F-F3749F478AAD}.Debug|x64.ActiveCfg = Debug|Any CPU
		{29461A79-1FC2-47CD-BE8F-F3749F478AAD}.Debug|x64.Build.0 = Debug|Any CPU
		{29461A79-1FC2-47CD-BE8F-F3749F478AAD}.Debug|x86.ActiveCfg = Debug|Any CPU
		{29461A79-1FC2-47CD-BE8F-F3749F478AAD}.Debug|x86.Build.0 = Debug|Any CPU
		{29461A79-1FC2-47CD-BE8F-F3749F478AAD}.Release|Any CPU.ActiveCfg = Release|Any CPU
		{29461A79-1FC2-47CD-BE8F-F3749F478AAD}.Release|Any CPU.Build.0 = Release|Any CPU
		{29461A79-1FC2-47CD-BE8F-F3749F478AAD}.Release|ARM.ActiveCfg = Release|Any CPU
		{29461A79-1FC2-47CD-BE8F-F3749F478AAD}.Release|ARM.Build.0 = Release|Any CPU
		{29461A79-1FC2-47CD-BE8F-F3749F478AAD}.Release|iPhone.ActiveCfg = Release|Any CPU
		{29461A79-1FC2-47CD-BE8F-F3749F478AAD}.Release|iPhone.Build.0 = Release|Any CPU
		{29461A79-1FC2-47CD-BE8F-F3749F478AAD}.Release|iPhoneSimulator.ActiveCfg = Release|Any CPU
		{29461A79-1FC2-47CD-BE8F-F3749F478AAD}.Release|iPhoneSimulator.Build.0 = Release|Any CPU
		{29461A79-1FC2-47CD-BE8F-F3749F478AAD}.Release|x64.ActiveCfg = Release|Any CPU
		{29461A79-1FC2-47CD-BE8F-F3749F478AAD}.Release|x64.Build.0 = Release|Any CPU
		{29461A79-1FC2-47CD-BE8F-F3749F478AAD}.Release|x86.ActiveCfg = Release|Any CPU
		{29461A79-1FC2-47CD-BE8F-F3749F478AAD}.Release|x86.Build.0 = Release|Any CPU
	EndGlobalSection
	GlobalSection(SolutionProperties) = preSolution
		HideSolutionNode = FALSE
	EndGlobalSection
	GlobalSection(ExtensibilityGlobals) = postSolution
		SolutionGuid = {513490F1-5C25-460B-B047-B79FDE2B0815}
	EndGlobalSection
EndGlobal
